
Microsoft Visual Studio Solution File, Format Version 12.00
# Visual Studio Version 18
VisualStudioVersion = 18.4.11626.88 stable
MinimumVisualStudioVersion = 10.0.40219.1
Project("{FAE04EC0-301F-11D3-BF4B-00C04F79EFBC}") = "WinFormsDashboard", "WinFormsDashboard.csproj", "{9DB4A9DE-6604-1025-4EF3-67A895F38574}"
EndProject
Global
	GlobalSection(SolutionConfigurationPlatforms) = preSolution
		Debug|Any CPU = Debug|Any CPU
		Release|Any CPU = Release|Any CPU
	EndGlobalSection
	GlobalSection(ProjectConfigurationPlatforms) = postSolution
		{9DB4A9DE-6604-1025-4EF3-67A895F38574}.Debug|Any CPU.ActiveCfg = Debug|Any CPU
		{9DB4A9DE-6604-1025-4EF3-67A895F38574}.Debug|Any CPU.Build.0 = Debug|Any CPU
		{9DB4A9DE-6604-1025-4EF3-67A895F38574}.Release|Any CPU.ActiveCfg = Release|Any CPU
		{9DB4A9DE-6604-1025-4EF3-67A895F38574}.Release|Any CPU.Build.0 = Release|Any CPU
	EndGlobalSection
	GlobalSection(SolutionProperties) = preSolution
		HideSolutionNode = FALSE
	EndGlobalSection
	GlobalSection(ExtensibilityGlobals) = postSolution
		SolutionGuid = {2DEFA4FF-FCBA-4EE1-BF33-E4496520102B}
	EndGlobalSection
EndGlobal
