
Microsoft Visual Studio Solution File, Format Version 12.00
# Visual Studio Version 17
VisualStudioVersion = 17.14.36705.20 d17.14
MinimumVisualStudioVersion = 10.0.40219.1
Project("{FAE04EC0-301F-11D3-BF4B-00C04F79EFBC}") = "KtraLab.Web", "KtraLab.Web\KtraLab.Web.csproj", "{261164D1-C038-47A4-B236-91211315EAC8}"
EndProject
Project("{FAE04EC0-301F-11D3-BF4B-00C04F79EFBC}") = "KtraLab.DB", "KtraLab.DB\KtraLab.DB.csproj", "{D363FEFE-D444-4A82-A0A0-459F2516F720}"
EndProject
Global
	GlobalSection(SolutionConfigurationPlatforms) = preSolution
		Debug|Any CPU = Debug|Any CPU
		Release|Any CPU = Release|Any CPU
	EndGlobalSection
	GlobalSection(ProjectConfigurationPlatforms) = postSolution
		{261164D1-C038-47A4-B236-91211315EAC8}.Debug|Any CPU.ActiveCfg = Debug|Any CPU
		{261164D1-C038-47A4-B236-91211315EAC8}.Debug|Any CPU.Build.0 = Debug|Any CPU
		{261164D1-C038-47A4-B236-91211315EAC8}.Release|Any CPU.ActiveCfg = Release|Any CPU
		{261164D1-C038-47A4-B236-91211315EAC8}.Release|Any CPU.Build.0 = Release|Any CPU
		{D363FEFE-D444-4A82-A0A0-459F2516F720}.Debug|Any CPU.ActiveCfg = Debug|Any CPU
		{D363FEFE-D444-4A82-A0A0-459F2516F720}.Debug|Any CPU.Build.0 = Debug|Any CPU
		{D363FEFE-D444-4A82-A0A0-459F2516F720}.Release|Any CPU.ActiveCfg = Release|Any CPU
		{D363FEFE-D444-4A82-A0A0-459F2516F720}.Release|Any CPU.Build.0 = Release|Any CPU
	EndGlobalSection
	GlobalSection(SolutionProperties) = preSolution
		HideSolutionNode = FALSE
	EndGlobalSection
	GlobalSection(ExtensibilityGlobals) = postSolution
		SolutionGuid = {B1EF14C2-FD19-4E9F-99BF-8E7C9A8817D3}
	EndGlobalSection
EndGlobal
